// !$*UTF8*$!
{
	archiveVersion = 1;
	classes = {
	};
	objectVersion = 50;
	objects = {

/* Begin PBXBuildFile section */
		73D80FFC1921D70459640F53 /* Pods_Notepad.framework in Frameworks */ = {isa = PBXBuildFile; fileRef = 63C0248E0CA27777EA9C046F /* Pods_Notepad.framework */; };
		8D7ED22A21A6AC6E00E06850 /* AppDelegate.swift in Sources */ = {isa = PBXBuildFile; fileRef = 8D7ED22921A6AC6E00E06850 /* AppDelegate.swift */; };
		8D7ED22C21A6AC6E00E06850 /* ItemTableViewController.swift in Sources */ = {isa = PBXBuildFile; fileRef = 8D7ED22B21A6AC6E00E06850 /* ItemTableViewController.swift */; };
		8D7ED22F21A6AC6E00E06850 /* Main.storyboard in Resources */ = {isa = PBXBuildFile; fileRef = 8D7ED22D21A6AC6E00E06850 /* Main.storyboard */; };
		8D7ED23421A6AC7100E06850 /* Assets.xcassets in Resources */ = {isa = PBXBuildFile; fileRef = 8D7ED23321A6AC7100E06850 /* Assets.xcassets */; };
		8D7ED23721A6AC7100E06850 /* LaunchScreen.storyboard in Resources */ = {isa = PBXBuildFile; fileRef = 8D7ED23521A6AC7100E06850 /* LaunchScreen.storyboard */; };
		8D7ED23F21A6AD1D00E06850 /* CategoryTableViewController.swift in Sources */ = {isa = PBXBuildFile; fileRef = 8D7ED23E21A6AD1D00E06850 /* CategoryTableViewController.swift */; };
		8D7ED24921A6EE1A00E06850 /* Item.swift in Sources */ = {isa = PBXBuildFile; fileRef = 8D7ED24821A6EE1A00E06850 /* Item.swift */; };
		8D7ED24B21A6EE2100E06850 /* Category.swift in Sources */ = {isa = PBXBuildFile; fileRef = 8D7ED24A21A6EE2100E06850 /* Category.swift */; };
/* End PBXBuildFile section */

/* Begin PBXFileReference section */
		4A4DD8415A82A8C1583CEEA6 /* Pods-Notepad.release.xcconfig */ = {isa = PBXFileReference; includeInIndex = 1; lastKnownFileType = text.xcconfig; name = "Pods-Notepad.release.xcconfig"; path = "Pods/Target Support Files/Pods-Notepad/Pods-Notepad.release.xcconfig"; sourceTree = "<group>"; };
		5B2736DD907D764673702D24 /* Pods-Notepad.debug.xcconfig */ = {isa = PBXFileReference; includeInIndex = 1; lastKnownFileType = text.xcconfig; name = "Pods-Notepad.debug.xcconfig"; path = "Pods/Target Support Files/Pods-Notepad/Pods-Notepad.debug.xcconfig"; sourceTree = "<group>"; };
		63C0248E0CA27777EA9C046F /* Pods_Notepad.framework */ = {isa = PBXFileReference; explicitFileType = wrapper.framework; includeInIndex = 0; path = Pods_Notepad.framework; sourceTree = BUILT_PRODUCTS_DIR; };
		8D7ED22621A6AC6E00E06850 /* Notepad.app */ = {isa = PBXFileReference; explicitFileType = wrapper.application; includeInIndex = 0; path = Notepad.app; sourceTree = BUILT_PRODUCTS_DIR; };
		8D7ED22921A6AC6E00E06850 /* AppDelegate.swift */ = {isa = PBXFileReference; lastKnownFileType = sourcecode.swift; path = AppDelegate.swift; sourceTree = "<group>"; };
		8D7ED22B21A6AC6E00E06850 /* ItemTableViewController.swift */ = {isa = PBXFileReference; lastKnownFileType = sourcecode.swift; path = ItemTableViewController.swift; sourceTree = "<group>"; };
		8D7ED22E21A6AC6E00E06850 /* Base */ = {isa = PBXFileReference; lastKnownFileType = file.storyboard; name = Base; path = Base.lproj/Main.storyboard; sourceTree = "<group>"; };
		8D7ED23321A6AC7100E06850 /* Assets.xcassets */ = {isa = PBXFileReference; lastKnownFileType = folder.assetcatalog; path = Assets.xcassets; sourceTree = "<group>"; };
		8D7ED23621A6AC7100E06850 /* Base */ = {isa = PBXFileReference; lastKnownFileType = file.storyboard; name = Base; path = Base.lproj/LaunchScreen.storyboard; sourceTree = "<group>"; };
		8D7ED23821A6AC7100E06850 /* Info.plist */ = {isa = PBXFileReference; lastKnownFileType = text.plist.xml; path = Info.plist; sourceTree = "<group>"; };
		8D7ED23E21A6AD1D00E06850 /* CategoryTableViewController.swift */ = {isa = PBXFileReference; lastKnownFileType = sourcecode.swift; path = CategoryTableViewController.swift; sourceTree = "<group>"; };
		8D7ED24821A6EE1A00E06850 /* Item.swift */ = {isa = PBXFileReference; lastKnownFileType = sourcecode.swift; path = Item.swift; sourceTree = "<group>"; };
		8D7ED24A21A6EE2100E06850 /* Category.swift */ = {isa = PBXFileReference; lastKnownFileType = sourcecode.swift; path = Category.swift; sourceTree = "<group>"; };
/* End PBXFileReference section */

/* Begin PBXFrameworksBuildPhase section */
		8D7ED22321A6AC6E00E06850 /* Frameworks */ = {
			isa = PBXFrameworksBuildPhase;
			buildActionMask = 2147483647;
			files = (
				73D80FFC1921D70459640F53 /* Pods_Notepad.framework in Frameworks */,
			);
			runOnlyForDeploymentPostprocessing = 0;
		};
/* End PBXFrameworksBuildPhase section */

/* Begin PBXGroup section */
		1E041953530A5C41616467A2 /* Frameworks */ = {
			isa = PBXGroup;
			children = (
				63C0248E0CA27777EA9C046F /* Pods_Notepad.framework */,
			);
			name = Frameworks;
			sourceTree = "<group>";
		};
		8D7ED21D21A6AC6E00E06850 = {
			isa = PBXGroup;
			children = (
				8D7ED22821A6AC6E00E06850 /* Notepad */,
				8D7ED22721A6AC6E00E06850 /* Products */,
				FA5FF82B415DB61E77B9C7DD /* Pods */,
				1E041953530A5C41616467A2 /* Frameworks */,
			);
			sourceTree = "<group>";
		};
		8D7ED22721A6AC6E00E06850 /* Products */ = {
			isa = PBXGroup;
			children = (
				8D7ED22621A6AC6E00E06850 /* Notepad.app */,
			);
			name = Products;
			sourceTree = "<group>";
		};
		8D7ED22821A6AC6E00E06850 /* Notepad */ = {
			isa = PBXGroup;
			children = (
				8D7ED22921A6AC6E00E06850 /* AppDelegate.swift */,
				8D7ED24021A6AD2100E06850 /* ViewControllers */,
				8D7ED24121A6AD3500E06850 /* Storyboards */,
				8D7ED24321A6ADB500E06850 /* Data Model */,
				8D7ED24221A6AD4B00E06850 /* Supporting Files */,
				8D7ED23821A6AC7100E06850 /* Info.plist */,
			);
			path = Notepad;
			sourceTree = "<group>";
		};
		8D7ED24021A6AD2100E06850 /* ViewControllers */ = {
			isa = PBXGroup;
			children = (
				8D7ED23E21A6AD1D00E06850 /* CategoryTableViewController.swift */,
				8D7ED22B21A6AC6E00E06850 /* ItemTableViewController.swift */,
			);
			path = ViewControllers;
			sourceTree = "<group>";
		};
		8D7ED24121A6AD3500E06850 /* Storyboards */ = {
			isa = PBXGroup;
			children = (
				8D7ED22D21A6AC6E00E06850 /* Main.storyboard */,
			);
			path = Storyboards;
			sourceTree = "<group>";
		};
		8D7ED24221A6AD4B00E06850 /* Supporting Files */ = {
			isa = PBXGroup;
			children = (
				8D7ED23321A6AC7100E06850 /* Assets.xcassets */,
				8D7ED23521A6AC7100E06850 /* LaunchScreen.storyboard */,
			);
			path = "Supporting Files";
			sourceTree = "<group>";
		};
		8D7ED24321A6ADB500E06850 /* Data Model */ = {
			isa = PBXGroup;
			children = (
				8D7ED24A21A6EE2100E06850 /* Category.swift */,
				8D7ED24821A6EE1A00E06850 /* Item.swift */,
			);
			path = "Data Model";
			sourceTree = "<group>";
		};
		FA5FF82B415DB61E77B9C7DD /* Pods */ = {
			isa = PBXGroup;
			children = (
				5B2736DD907D764673702D24 /* Pods-Notepad.debug.xcconfig */,
				4A4DD8415A82A8C1583CEEA6 /* Pods-Notepad.release.xcconfig */,
			);
			name = Pods;
			sourceTree = "<group>";
		};
/* End PBXGroup section */

/* Begin PBXNativeTarget section */
		8D7ED22521A6AC6E00E06850 /* Notepad */ = {
			isa = PBXNativeTarget;
			buildConfigurationList = 8D7ED23B21A6AC7100E06850 /* Build configuration list for PBXNativeTarget "Notepad" */;
			buildPhases = (
				E727157C0AF499F3345F24D1 /* [CP] Check Pods Manifest.lock */,
				8D7ED22221A6AC6E00E06850 /* Sources */,
				8D7ED22321A6AC6E00E06850 /* Frameworks */,
				8D7ED22421A6AC6E00E06850 /* Resources */,
				F36267CF532DC1D6C96DA263 /* [CP] Embed Pods Frameworks */,
			);
			buildRules = (
			);
			dependencies = (
			);
			name = Notepad;
			productName = Notepad;
			productReference = 8D7ED22621A6AC6E00E06850 /* Notepad.app */;
			productType = "com.apple.product-type.application";
		};
/* End PBXNativeTarget section */

/* Begin PBXProject section */
		8D7ED21E21A6AC6E00E06850 /* Project object */ = {
			isa = PBXProject;
			attributes = {
				LastSwiftUpdateCheck = 1010;
				LastUpgradeCheck = 1010;
				ORGANIZATIONNAME = Gamebug;
				TargetAttributes = {
					8D7ED22521A6AC6E00E06850 = {
						CreatedOnToolsVersion = 10.1;
					};
				};
			};
			buildConfigurationList = 8D7ED22121A6AC6E00E06850 /* Build configuration list for PBXProject "Notepad" */;
			compatibilityVersion = "Xcode 9.3";
			developmentRegion = en;
			hasScannedForEncodings = 0;
			knownRegions = (
				en,
				Base,
			);
			mainGroup = 8D7ED21D21A6AC6E00E06850;
			productRefGroup = 8D7ED22721A6AC6E00E06850 /* Products */;
			projectDirPath = "";
			projectRoot = "";
			targets = (
				8D7ED22521A6AC6E00E06850 /* Notepad */,
			);
		};
/* End PBXProject section */

/* Begin PBXResourcesBuildPhase section */
		8D7ED22421A6AC6E00E06850 /* Resources */ = {
			isa = PBXResourcesBuildPhase;
			buildActionMask = 2147483647;
			files = (
				8D7ED23721A6AC7100E06850 /* LaunchScreen.storyboard in Resources */,
				8D7ED23421A6AC7100E06850 /* Assets.xcassets in Resources */,
				8D7ED22F21A6AC6E00E06850 /* Main.storyboard in Resources */,
			);
			runOnlyForDeploymentPostprocessing = 0;
		};
/* End PBXResourcesBuildPhase section */

/* Begin PBXShellScriptBuildPhase section */
		E727157C0AF499F3345F24D1 /* [CP] Check Pods Manifest.lock */ = {
			isa = PBXShellScriptBuildPhase;
			buildActionMask = 2147483647;
			files = (
			);
			inputPaths = (
				"${PODS_PODFILE_DIR_PATH}/Podfile.lock",
				"${PODS_ROOT}/Manifest.lock",
			);
			name = "[CP] Check Pods Manifest.lock";
			outputPaths = (
				"$(DERIVED_FILE_DIR)/Pods-Notepad-checkManifestLockResult.txt",
			);
			runOnlyForDeploymentPostprocessing = 0;
			shellPath = /bin/sh;
			shellScript = "diff \"${PODS_PODFILE_DIR_PATH}/Podfile.lock\" \"${PODS_ROOT}/Manifest.lock\" > /dev/null\nif [ $? != 0 ] ; then\n    # print error to STDERR\n    echo \"error: The sandbox is not in sync with the Podfile.lock. Run 'pod install' or update your CocoaPods installation.\" >&2\n    exit 1\nfi\n# This output is used by Xcode 'outputs' to avoid re-running this script phase.\necho \"SUCCESS\" > \"${SCRIPT_OUTPUT_FILE_0}\"\n";
			showEnvVarsInLog = 0;
		};
		F36267CF532DC1D6C96DA263 /* [CP] Embed Pods Frameworks */ = {
			isa = PBXShellScriptBuildPhase;
			buildActionMask = 2147483647;
			files = (
			);
			inputPaths = (
				"${SRCROOT}/Pods/Target Support Files/Pods-Notepad/Pods-Notepad-frameworks.sh",
				"${BUILT_PRODUCTS_DIR}/Realm/Realm.framework",
				"${BUILT_PRODUCTS_DIR}/RealmSwift/RealmSwift.framework",
			);
			name = "[CP] Embed Pods Frameworks";
			outputPaths = (
				"${TARGET_BUILD_DIR}/${FRAMEWORKS_FOLDER_PATH}/Realm.framework",
				"${TARGET_BUILD_DIR}/${FRAMEWORKS_FOLDER_PATH}/RealmSwift.framework",
			);
			runOnlyForDeploymentPostprocessing = 0;
			shellPath = /bin/sh;
			shellScript = "\"${SRCROOT}/Pods/Target Support Files/Pods-Notepad/Pods-Notepad-frameworks.sh\"\n";
			showEnvVarsInLog = 0;
		};
/* End PBXShellScriptBuildPhase section */

/* Begin PBXSourcesBuildPhase section */
		8D7ED22221A6AC6E00E06850 /* Sources */ = {
			isa = PBXSourcesBuildPhase;
			buildActionMask = 2147483647;
			files = (
				8D7ED22C21A6AC6E00E06850 /* ItemTableViewController.swift in Sources */,
				8D7ED22A21A6AC6E00E06850 /* AppDelegate.swift in Sources */,
				8D7ED24921A6EE1A00E06850 /* Item.swift in Sources */,
				8D7ED23F21A6AD1D00E06850 /* CategoryTableViewController.swift in Sources */,
				8D7ED24B21A6EE2100E06850 /* Category.swift in Sources */,
			);
			runOnlyForDeploymentPostprocessing = 0;
		};
/* End PBXSourcesBuildPhase section */

/* Begin PBXVariantGroup section */
		8D7ED22D21A6AC6E00E06850 /* Main.storyboard */ = {
			isa = PBXVariantGroup;
			children = (
				8D7ED22E21A6AC6E00E06850 /* Base */,
			);
			name = Main.storyboard;
			sourceTree = "<group>";
		};
		8D7ED23521A6AC7100E06850 /* LaunchScreen.storyboard */ = {
			isa = PBXVariantGroup;
			children = (
				8D7ED23621A6AC7100E06850 /* Base */,
			);
			name = LaunchScreen.storyboard;
			sourceTree = "<group>";
		};
/* End PBXVariantGroup section */

/* Begin XCBuildConfiguration section */
		8D7ED23921A6AC7100E06850 /* Debug */ = {
			isa = XCBuildConfiguration;
			buildSettings = {
				ALWAYS_SEARCH_USER_PATHS = NO;
				CLANG_ANALYZER_NONNULL = YES;
				CLANG_ANALYZER_NUMBER_OBJECT_CONVERSION = YES_AGGRESSIVE;
				CLANG_CXX_LANGUAGE_STANDARD = "gnu++14";
				CLANG_CXX_LIBRARY = "libc++";
				CLANG_ENABLE_MODULES = YES;
				CLANG_ENABLE_OBJC_ARC = YES;
				CLANG_ENABLE_OBJC_WEAK = YES;
				CLANG_WARN_BLOCK_CAPTURE_AUTORELEASING = YES;
				CLANG_WARN_BOOL_CONVERSION = YES;
				CLANG_WARN_COMMA = YES;
				CLANG_WARN_CONSTANT_CONVERSION = YES;
				CLANG_WARN_DEPRECATED_OBJC_IMPLEMENTATIONS = YES;
				CLANG_WARN_DIRECT_OBJC_ISA_USAGE = YES_ERROR;
				CLANG_WARN_DOCUMENTATION_COMMENTS = YES;
				CLANG_WARN_EMPTY_BODY = YES;
				CLANG_WARN_ENUM_CONVERSION = YES;
				CLANG_WARN_INFINITE_RECURSION = YES;
				CLANG_WARN_INT_CONVERSION = YES;
				CLANG_WARN_NON_LITERAL_NULL_CONVERSION = YES;
				CLANG_WARN_OBJC_IMPLICIT_RETAIN_SELF = YES;
				CLANG_WARN_OBJC_LITERAL_CONVERSION = YES;
				CLANG_WARN_OBJC_ROOT_CLASS = YES_ERROR;
				CLANG_WARN_RANGE_LOOP_ANALYSIS = YES;
				CLANG_WARN_STRICT_PROTOTYPES = YES;
				CLANG_WARN_SUSPICIOUS_MOVE = YES;
				CLANG_WARN_UNGUARDED_AVAILABILITY = YES_AGGRESSIVE;
				CLANG_WARN_UNREACHABLE_CODE = YES;
				CLANG_WARN__DUPLICATE_METHOD_MATCH = YES;
				CODE_SIGN_IDENTITY = "iPhone Developer";
				COPY_PHASE_STRIP = NO;
				DEBUG_INFORMATION_FORMAT = dwarf;
				ENABLE_STRICT_OBJC_MSGSEND = YES;
				ENABLE_TESTABILITY = YES;
				GCC_C_LANGUAGE_STANDARD = gnu11;
				GCC_DYNAMIC_NO_PIC = NO;
				GCC_NO_COMMON_BLOCKS = YES;
				GCC_OPTIMIZATION_LEVEL = 0;
				GCC_PREPROCESSOR_DEFINITIONS = (
					"DEBUG=1",
					"$(inherited)",
				);
				GCC_WARN_64_TO_32_BIT_CONVERSION = YES;
				GCC_WARN_ABOUT_RETURN_TYPE = YES_ERROR;
				GCC_WARN_UNDECLARED_SELECTOR = YES;
				GCC_WARN_UNINITIALIZED_AUTOS = YES_AGGRESSIVE;
				GCC_WARN_UNUSED_FUNCTION = YES;
				GCC_WARN_UNUSED_VARIABLE = YES;
				IPHONEOS_DEPLOYMENT_TARGET = 12.1;
				MTL_ENABLE_DEBUG_INFO = INCLUDE_SOURCE;
				MTL_FAST_MATH = YES;
				ONLY_ACTIVE_ARCH = YES;
				SDKROOT = iphoneos;
				SWIFT_ACTIVE_COMPILATION_CONDITIONS = DEBUG;
				SWIFT_OPTIMIZATION_LEVEL = "-Onone";
			};
			name = Debug;
		};
		8D7ED23A21A6AC7100E06850 /* Release */ = {
			isa = XCBuildConfiguration;
			buildSettings = {
				ALWAYS_SEARCH_USER_PATHS = NO;
				CLANG_ANALYZER_NONNULL = YES;
				CLANG_ANALYZER_NUMBER_OBJECT_CONVERSION = YES_AGGRESSIVE;
				CLANG_CXX_LANGUAGE_STANDARD = "gnu++14";
				CLANG_CXX_LIBRARY = "libc++";
				CLANG_ENABLE_MODULES = YES;
				CLANG_ENABLE_OBJC_ARC = YES;
				CLANG_ENABLE_OBJC_WEAK = YES;
				CLANG_WARN_BLOCK_CAPTURE_AUTORELEASING = YES;
				CLANG_WARN_BOOL_CONVERSION = YES;
				CLANG_WARN_COMMA = YES;
				CLANG_WARN_CONSTANT_CONVERSION = YES;
				CLANG_WARN_DEPRECATED_OBJC_IMPLEMENTATIONS = YES;
				CLANG_WARN_DIRECT_OBJC_ISA_USAGE = YES_ERROR;
				CLANG_WARN_DOCUMENTATION_COMMENTS = YES;
				CLANG_WARN_EMPTY_BODY = YES;
				CLANG_WARN_ENUM_CONVERSION = YES;
				CLANG_WARN_INFINITE_RECURSION = YES;
				CLANG_WARN_INT_CONVERSION = YES;
				CLANG_WARN_NON_LITERAL_NULL_CONVERSION = YES;
				CLANG_WARN_OBJC_IMPLICIT_RETAIN_SELF = YES;
				CLANG_WARN_OBJC_LITERAL_CONVERSION = YES;
				CLANG_WARN_OBJC_ROOT_CLASS = YES_ERROR;
				CLANG_WARN_RANGE_LOOP_ANALYSIS = YES;
				CLANG_WARN_STRICT_PROTOTYPES = YES;
				CLANG_WARN_SUSPICIOUS_MOVE = YES;
				CLANG_WARN_UNGUARDED_AVAILABILITY = YES_AGGRESSIVE;
				CLANG_WARN_UNREACHABLE_CODE = YES;
				CLANG_WARN__DUPLICATE_METHOD_MATCH = YES;
				CODE_SIGN_IDENTITY = "iPhone Developer";
				COPY_PHASE_STRIP = NO;
				DEBUG_INFORMATION_FORMAT = "dwarf-with-dsym";
				ENABLE_NS_ASSERTIONS = NO;
				ENABLE_STRICT_OBJC_MSGSEND = YES;
				GCC_C_LANGUAGE_STANDARD = gnu11;
				GCC_NO_COMMON_BLOCKS = YES;
				GCC_WARN_64_TO_32_BIT_CONVERSION = YES;
				GCC_WARN_ABOUT_RETURN_TYPE = YES_ERROR;
				GCC_WARN_UNDECLARED_SELECTOR = YES;
				GCC_WARN_UNINITIALIZED_AUTOS = YES_AGGRESSIVE;
				GCC_WARN_UNUSED_FUNCTION = YES;
				GCC_WARN_UNUSED_VARIABLE = YES;
				IPHONEOS_DEPLOYMENT_TARGET = 12.1;
				MTL_ENABLE_DEBUG_INFO = NO;
				MTL_FAST_MATH = YES;
				SDKROOT = iphoneos;
				SWIFT_COMPILATION_MODE = wholemodule;
				SWIFT_OPTIMIZATION_LEVEL = "-O";
				VALIDATE_PRODUCT = YES;
			};
			name = Release;
		};
		8D7ED23C21A6AC7100E06850 /* Debug */ = {
			isa = XCBuildConfiguration;
			baseConfigurationReference = 5B2736DD907D764673702D24 /* Pods-Notepad.debug.xcconfig */;
			buildSettings = {
				ASSETCATALOG_COMPILER_APPICON_NAME = AppIcon;
				CODE_SIGN_STYLE = Automatic;
				INFOPLIST_FILE = Notepad/Info.plist;
				LD_RUNPATH_SEARCH_PATHS = (
					"$(inherited)",
					"@executable_path/Frameworks",
				);
				PRODUCT_BUNDLE_IDENTIFIER = com.Gamebug.Notepad;
				PRODUCT_NAME = "$(TARGET_NAME)";
				SWIFT_VERSION = 4.2;
				TARGETED_DEVICE_FAMILY = "1,2";
			};
			name = Debug;
		};
		8D7ED23D21A6AC7100E06850 /* Release */ = {
			isa = XCBuildConfiguration;
			baseConfigurationReference = 4A4DD8415A82A8C1583CEEA6 /* Pods-Notepad.release.xcconfig */;
			buildSettings = {
				ASSETCATALOG_COMPILER_APPICON_NAME = AppIcon;
				CODE_SIGN_STYLE = Automatic;
				INFOPLIST_FILE = Notepad/Info.plist;
				LD_RUNPATH_SEARCH_PATHS = (
					"$(inherited)",
					"@executable_path/Frameworks",
				);
				PRODUCT_BUNDLE_IDENTIFIER = com.Gamebug.Notepad;
				PRODUCT_NAME = "$(TARGET_NAME)";
				SWIFT_VERSION = 4.2;
				TARGETED_DEVICE_FAMILY = "1,2";
			};
			name = Release;
		};
/* End XCBuildConfiguration section */

/* Begin XCConfigurationList section */
		8D7ED22121A6AC6E00E06850 /* Build configuration list for PBXProject "Notepad" */ = {
			isa = XCConfigurationList;
			buildConfigurations = (
				8D7ED23921A6AC7100E06850 /* Debug */,
				8D7ED23A21A6AC7100E06850 /* Release */,
			);
			defaultConfigurationIsVisible = 0;
			defaultConfigurationName = Release;
		};
		8D7ED23B21A6AC7100E06850 /* Build configuration list for PBXNativeTarget "Notepad" */ = {
			isa = XCConfigurationList;
			buildConfigurations = (
				8D7ED23C21A6AC7100E06850 /* Debug */,
				8D7ED23D21A6AC7100E06850 /* Release */,
			);
			defaultConfigurationIsVisible = 0;
			defaultConfigurationName = Release;
		};
/* End XCConfigurationList section */
	};
	rootObject = 8D7ED21E21A6AC6E00E06850 /* Project object */;
}
